
Microsoft Visual Studio Solution File, Format Version 12.00
# Visual Studio 15
VisualStudioVersion = 15.0.28307.779
MinimumVisualStudioVersion = 10.0.40219.1
Project("{FAE04EC0-301F-11D3-BF4B-00C04F79EFBC}") = "Run Live CSharp", "Run Live CSharp\Run Live CSharp.csproj", "{47A7F806-0705-4D57-9055-DD051E8E6A47}"
EndProject
Global
	GlobalSection(SolutionConfigurationPlatforms) = preSolution
		Debug|Any CPU = Debug|Any CPU
		Release|Any CPU = Release|Any CPU
	EndGlobalSection
	GlobalSection(ProjectConfigurationPlatforms) = postSolution
		{47A7F806-0705-4D57-9055-DD051E8E6A47}.Debug|Any CPU.ActiveCfg = Debug|Any CPU
		{47A7F806-0705-4D57-9055-DD051E8E6A47}.Debug|Any CPU.Build.0 = Debug|Any CPU
		{47A7F806-0705-4D57-9055-DD051E8E6A47}.Release|Any CPU.ActiveCfg = Release|Any CPU
		{47A7F806-0705-4D57-9055-DD051E8E6A47}.Release|Any CPU.Build.0 = Release|Any CPU
	EndGlobalSection
	GlobalSection(SolutionProperties) = preSolution
		HideSolutionNode = FALSE
	EndGlobalSection
	GlobalSection(ExtensibilityGlobals) = postSolution
		SolutionGuid = {ECF5EFC8-7482-4FD4-9C5B-B02F2C3759A5}
	EndGlobalSection
EndGlobal
